// !$*UTF8*$!
{
	archiveVersion = 1;
	classes = {
	};
	objectVersion = 50;
	objects = {

/* Begin PBXBuildFile section */
		0FE3E2A424673C89006DBECD /* AppDelegate.swift in Sources */ = {isa = PBXBuildFile; fileRef = 0FE3E2A324673C89006DBECD /* AppDelegate.swift */; };
		0FE3E2A624673C89006DBECD /* SceneDelegate.swift in Sources */ = {isa = PBXBuildFile; fileRef = 0FE3E2A524673C89006DBECD /* SceneDelegate.swift */; };
		0FE3E2A824673C89006DBECD /* ViewController.swift in Sources */ = {isa = PBXBuildFile; fileRef = 0FE3E2A724673C89006DBECD /* ViewController.swift */; };
		0FE3E2AB24673C89006DBECD /* Main.storyboard in Resources */ = {isa = PBXBuildFile; fileRef = 0FE3E2A924673C89006DBECD /* Main.storyboard */; };
		0FE3E2AD24673C8F006DBECD /* Assets.xcassets in Resources */ = {isa = PBXBuildFile; fileRef = 0FE3E2AC24673C8F006DBECD /* Assets.xcassets */; };
		0FE3E2B024673C8F006DBECD /* LaunchScreen.storyboard in Resources */ = {isa = PBXBuildFile; fileRef = 0FE3E2AE24673C8F006DBECD /* LaunchScreen.storyboard */; };
		0FE3E2B824673F4B006DBECD /* .gitignore in Resources */ = {isa = PBXBuildFile; fileRef = 0FE3E2B724673F4B006DBECD /* .gitignore */; };
/* End PBXBuildFile section */

/* Begin PBXFileReference section */
		0FE3E2A024673C89006DBECD /* CryptoCurrency_v2.0.app */ = {isa = PBXFileReference; explicitFileType = wrapper.application; includeInIndex = 0; path = CryptoCurrency_v2.0.app; sourceTree = BUILT_PRODUCTS_DIR; };
		0FE3E2A324673C89006DBECD /* AppDelegate.swift */ = {isa = PBXFileReference; lastKnownFileType = sourcecode.swift; path = AppDelegate.swift; sourceTree = "<group>"; };
		0FE3E2A524673C89006DBECD /* SceneDelegate.swift */ = {isa = PBXFileReference; lastKnownFileType = sourcecode.swift; path = SceneDelegate.swift; sourceTree = "<group>"; };
		0FE3E2A724673C89006DBECD /* ViewController.swift */ = {isa = PBXFileReference; lastKnownFileType = sourcecode.swift; path = ViewController.swift; sourceTree = "<group>"; };
		0FE3E2AA24673C89006DBECD /* Base */ = {isa = PBXFileReference; lastKnownFileType = file.storyboard; name = Base; path = Base.lproj/Main.storyboard; sourceTree = "<group>"; };
		0FE3E2AC24673C8F006DBECD /* Assets.xcassets */ = {isa = PBXFileReference; lastKnownFileType = folder.assetcatalog; path = Assets.xcassets; sourceTree = "<group>"; };
		0FE3E2AF24673C8F006DBECD /* Base */ = {isa = PBXFileReference; lastKnownFileType = file.storyboard; name = Base; path = Base.lproj/LaunchScreen.storyboard; sourceTree = "<group>"; };
		0FE3E2B124673C8F006DBECD /* Info.plist */ = {isa = PBXFileReference; lastKnownFileType = text.plist.xml; path = Info.plist; sourceTree = "<group>"; };
		0FE3E2B724673F4B006DBECD /* .gitignore */ = {isa = PBXFileReference; lastKnownFileType = text; path = .gitignore; sourceTree = "<group>"; };
/* End PBXFileReference section */

/* Begin PBXFrameworksBuildPhase section */
		0FE3E29D24673C89006DBECD /* Frameworks */ = {
			isa = PBXFrameworksBuildPhase;
			buildActionMask = 2147483647;
			files = (
			);
			runOnlyForDeploymentPostprocessing = 0;
		};
/* End PBXFrameworksBuildPhase section */

/* Begin PBXGroup section */
		0FE3E29724673C89006DBECD = {
			isa = PBXGroup;
			children = (
				0FE3E2B724673F4B006DBECD /* .gitignore */,
				0FE3E2A224673C89006DBECD /* CryptoCurrency_v2.0 */,
				0FE3E2A124673C89006DBECD /* Products */,
			);
			sourceTree = "<group>";
		};
		0FE3E2A124673C89006DBECD /* Products */ = {
			isa = PBXGroup;
			children = (
				0FE3E2A024673C89006DBECD /* CryptoCurrency_v2.0.app */,
			);
			name = Products;
			sourceTree = "<group>";
		};
		0FE3E2A224673C89006DBECD /* CryptoCurrency_v2.0 */ = {
			isa = PBXGroup;
			children = (
				0FE3E2A324673C89006DBECD /* AppDelegate.swift */,
				0FE3E2A524673C89006DBECD /* SceneDelegate.swift */,
				0FE3E2A724673C89006DBECD /* ViewController.swift */,
				0FE3E2A924673C89006DBECD /* Main.storyboard */,
				0FE3E2AC24673C8F006DBECD /* Assets.xcassets */,
				0FE3E2AE24673C8F006DBECD /* LaunchScreen.storyboard */,
				0FE3E2B124673C8F006DBECD /* Info.plist */,
			);
			path = CryptoCurrency_v2.0;
			sourceTree = "<group>";
		};
/* End PBXGroup section */

/* Begin PBXNativeTarget section */
		0FE3E29F24673C89006DBECD /* CryptoCurrency_v2.0 */ = {
			isa = PBXNativeTarget;
			buildConfigurationList = 0FE3E2B424673C8F006DBECD /* Build configuration list for PBXNativeTarget "CryptoCurrency_v2.0" */;
			buildPhases = (
				0FE3E29C24673C89006DBECD /* Sources */,
				0FE3E29D24673C89006DBECD /* Frameworks */,
				0FE3E29E24673C89006DBECD /* Resources */,
			);
			buildRules = (
			);
			dependencies = (
			);
			name = CryptoCurrency_v2.0;
			productName = CryptoCurrency_v2.0;
			productReference = 0FE3E2A024673C89006DBECD /* CryptoCurrency_v2.0.app */;
			productType = "com.apple.product-type.application";
		};
/* End PBXNativeTarget section */

/* Begin PBXProject section */
		0FE3E29824673C89006DBECD /* Project object */ = {
			isa = PBXProject;
			attributes = {
				LastSwiftUpdateCheck = 1130;
				LastUpgradeCheck = 1130;
				ORGANIZATIONNAME = Artyom;
				TargetAttributes = {
					0FE3E29F24673C89006DBECD = {
						CreatedOnToolsVersion = 11.3.1;
					};
				};
			};
			buildConfigurationList = 0FE3E29B24673C89006DBECD /* Build configuration list for PBXProject "CryptoCurrency_v2.0" */;
			compatibilityVersion = "Xcode 9.3";
			developmentRegion = en;
			hasScannedForEncodings = 0;
			knownRegions = (
				en,
				Base,
			);
			mainGroup = 0FE3E29724673C89006DBECD;
			productRefGroup = 0FE3E2A124673C89006DBECD /* Products */;
			projectDirPath = "";
			projectRoot = "";
			targets = (
				0FE3E29F24673C89006DBECD /* CryptoCurrency_v2.0 */,
			);
		};
/* End PBXProject section */

/* Begin PBXResourcesBuildPhase section */
		0FE3E29E24673C89006DBECD /* Resources */ = {
			isa = PBXResourcesBuildPhase;
			buildActionMask = 2147483647;
			files = (
				0FE3E2B824673F4B006DBECD /* .gitignore in Resources */,
				0FE3E2B024673C8F006DBECD /* LaunchScreen.storyboard in Resources */,
				0FE3E2AD24673C8F006DBECD /* Assets.xcassets in Resources */,
				0FE3E2AB24673C89006DBECD /* Main.storyboard in Resources */,
			);
			runOnlyForDeploymentPostprocessing = 0;
		};
/* End PBXResourcesBuildPhase section */

/* Begin PBXSourcesBuildPhase section */
		0FE3E29C24673C89006DBECD /* Sources */ = {
			isa = PBXSourcesBuildPhase;
			buildActionMask = 2147483647;
			files = (
				0FE3E2A824673C89006DBECD /* ViewController.swift in Sources */,
				0FE3E2A424673C89006DBECD /* AppDelegate.swift in Sources */,
				0FE3E2A624673C89006DBECD /* SceneDelegate.swift in Sources */,
			);
			runOnlyForDeploymentPostprocessing = 0;
		};
/* End PBXSourcesBuildPhase section */

/* Begin PBXVariantGroup section */
		0FE3E2A924673C89006DBECD /* Main.storyboard */ = {
			isa = PBXVariantGroup;
			children = (
				0FE3E2AA24673C89006DBECD /* Base */,
			);
			name = Main.storyboard;
			sourceTree = "<group>";
		};
		0FE3E2AE24673C8F006DBECD /* LaunchScreen.storyboard */ = {
			isa = PBXVariantGroup;
			children = (
				0FE3E2AF24673C8F006DBECD /* Base */,
			);
			name = LaunchScreen.storyboard;
			sourceTree = "<group>";
		};
/* End PBXVariantGroup section */

/* Begin XCBuildConfiguration section */
		0FE3E2B224673C8F006DBECD /* Debug */ = {
			isa = XCBuildConfiguration;
			buildSettings = {
				ALWAYS_SEARCH_USER_PATHS = NO;
				CLANG_ANALYZER_NONNULL = YES;
				CLANG_ANALYZER_NUMBER_OBJECT_CONVERSION = YES_AGGRESSIVE;
				CLANG_CXX_LANGUAGE_STANDARD = "gnu++14";
				CLANG_CXX_LIBRARY = "libc++";
				CLANG_ENABLE_MODULES = YES;
				CLANG_ENABLE_OBJC_ARC = YES;
				CLANG_ENABLE_OBJC_WEAK = YES;
				CLANG_WARN_BLOCK_CAPTURE_AUTORELEASING = YES;
				CLANG_WARN_BOOL_CONVERSION = YES;
				CLANG_WARN_COMMA = YES;
				CLANG_WARN_CONSTANT_CONVERSION = YES;
				CLANG_WARN_DEPRECATED_OBJC_IMPLEMENTATIONS = YES;
				CLANG_WARN_DIRECT_OBJC_ISA_USAGE = YES_ERROR;
				CLANG_WARN_DOCUMENTATION_COMMENTS = YES;
				CLANG_WARN_EMPTY_BODY = YES;
				CLANG_WARN_ENUM_CONVERSION = YES;
				CLANG_WARN_INFINITE_RECURSION = YES;
				CLANG_WARN_INT_CONVERSION = YES;
				CLANG_WARN_NON_LITERAL_NULL_CONVERSION = YES;
				CLANG_WARN_OBJC_IMPLICIT_RETAIN_SELF = YES;
				CLANG_WARN_OBJC_LITERAL_CONVERSION = YES;
				CLANG_WARN_OBJC_ROOT_CLASS = YES_ERROR;
				CLANG_WARN_RANGE_LOOP_ANALYSIS = YES;
				CLANG_WARN_STRICT_PROTOTYPES = YES;
				CLANG_WARN_SUSPICIOUS_MOVE = YES;
				CLANG_WARN_UNGUARDED_AVAILABILITY = YES_AGGRESSIVE;
				CLANG_WARN_UNREACHABLE_CODE = YES;
				CLANG_WARN__DUPLICATE_METHOD_MATCH = YES;
				COPY_PHASE_STRIP = NO;
				DEBUG_INFORMATION_FORMAT = dwarf;
				ENABLE_STRICT_OBJC_MSGSEND = YES;
				ENABLE_TESTABILITY = YES;
				GCC_C_LANGUAGE_STANDARD = gnu11;
				GCC_DYNAMIC_NO_PIC = NO;
				GCC_NO_COMMON_BLOCKS = YES;
				GCC_OPTIMIZATION_LEVEL = 0;
				GCC_PREPROCESSOR_DEFINITIONS = (
					"DEBUG=1",
					"$(inherited)",
				);
				GCC_WARN_64_TO_32_BIT_CONVERSION = YES;
				GCC_WARN_ABOUT_RETURN_TYPE = YES_ERROR;
				GCC_WARN_UNDECLARED_SELECTOR = YES;
				GCC_WARN_UNINITIALIZED_AUTOS = YES_AGGRESSIVE;
				GCC_WARN_UNUSED_FUNCTION = YES;
				GCC_WARN_UNUSED_VARIABLE = YES;
				IPHONEOS_DEPLOYMENT_TARGET = 13.2;
				MTL_ENABLE_DEBUG_INFO = INCLUDE_SOURCE;
				MTL_FAST_MATH = YES;
				ONLY_ACTIVE_ARCH = YES;
				SDKROOT = iphoneos;
				SWIFT_ACTIVE_COMPILATION_CONDITIONS = DEBUG;
				SWIFT_OPTIMIZATION_LEVEL = "-Onone";
			};
			name = Debug;
		};
		0FE3E2B324673C8F006DBECD /* Release */ = {
			isa = XCBuildConfiguration;
			buildSettings = {
				ALWAYS_SEARCH_USER_PATHS = NO;
				CLANG_ANALYZER_NONNULL = YES;
				CLANG_ANALYZER_NUMBER_OBJECT_CONVERSION = YES_AGGRESSIVE;
				CLANG_CXX_LANGUAGE_STANDARD = "gnu++14";
				CLANG_CXX_LIBRARY = "libc++";
				CLANG_ENABLE_MODULES = YES;
				CLANG_ENABLE_OBJC_ARC = YES;
				CLANG_ENABLE_OBJC_WEAK = YES;
				CLANG_WARN_BLOCK_CAPTURE_AUTORELEASING = YES;
				CLANG_WARN_BOOL_CONVERSION = YES;
				CLANG_WARN_COMMA = YES;
				CLANG_WARN_CONSTANT_CONVERSION = YES;
				CLANG_WARN_DEPRECATED_OBJC_IMPLEMENTATIONS = YES;
				CLANG_WARN_DIRECT_OBJC_ISA_USAGE = YES_ERROR;
				CLANG_WARN_DOCUMENTATION_COMMENTS = YES;
				CLANG_WARN_EMPTY_BODY = YES;
				CLANG_WARN_ENUM_CONVERSION = YES;
				CLANG_WARN_INFINITE_RECURSION = YES;
				CLANG_WARN_INT_CONVERSION = YES;
				CLANG_WARN_NON_LITERAL_NULL_CONVERSION = YES;
				CLANG_WARN_OBJC_IMPLICIT_RETAIN_SELF = YES;
				CLANG_WARN_OBJC_LITERAL_CONVERSION = YES;
				CLANG_WARN_OBJC_ROOT_CLASS = YES_ERROR;
				CLANG_WARN_RANGE_LOOP_ANALYSIS = YES;
				CLANG_WARN_STRICT_PROTOTYPES = YES;
				CLANG_WARN_SUSPICIOUS_MOVE = YES;
				CLANG_WARN_UNGUARDED_AVAILABILITY = YES_AGGRESSIVE;
				CLANG_WARN_UNREACHABLE_CODE = YES;
				CLANG_WARN__DUPLICATE_METHOD_MATCH = YES;
				COPY_PHASE_STRIP = NO;
				DEBUG_INFORMATION_FORMAT = "dwarf-with-dsym";
				ENABLE_NS_ASSERTIONS = NO;
				ENABLE_STRICT_OBJC_MSGSEND = YES;
				GCC_C_LANGUAGE_STANDARD = gnu11;
				GCC_NO_COMMON_BLOCKS = YES;
				GCC_WARN_64_TO_32_BIT_CONVERSION = YES;
				GCC_WARN_ABOUT_RETURN_TYPE = YES_ERROR;
				GCC_WARN_UNDECLARED_SELECTOR = YES;
				GCC_WARN_UNINITIALIZED_AUTOS = YES_AGGRESSIVE;
				GCC_WARN_UNUSED_FUNCTION = YES;
				GCC_WARN_UNUSED_VARIABLE = YES;
				IPHONEOS_DEPLOYMENT_TARGET = 13.2;
				MTL_ENABLE_DEBUG_INFO = NO;
				MTL_FAST_MATH = YES;
				SDKROOT = iphoneos;
				SWIFT_COMPILATION_MODE = wholemodule;
				SWIFT_OPTIMIZATION_LEVEL = "-O";
				VALIDATE_PRODUCT = YES;
			};
			name = Release;
		};
		0FE3E2B524673C8F006DBECD /* Debug */ = {
			isa = XCBuildConfiguration;
			buildSettings = {
				ASSETCATALOG_COMPILER_APPICON_NAME = AppIcon;
				CODE_SIGN_STYLE = Automatic;
				DEVELOPMENT_TEAM = 3TG9F8VMYJ;
				INFOPLIST_FILE = CryptoCurrency_v2.0/Info.plist;
				LD_RUNPATH_SEARCH_PATHS = (
					"$(inherited)",
					"@executable_path/Frameworks",
				);
				PRODUCT_BUNDLE_IDENTIFIER = "artyombatura.CryptoCurrency-v2-0";
				PRODUCT_NAME = "$(TARGET_NAME)";
				SWIFT_VERSION = 5.0;
				TARGETED_DEVICE_FAMILY = "1,2";
			};
			name = Debug;
		};
		0FE3E2B624673C8F006DBECD /* Release */ = {
			isa = XCBuildConfiguration;
			buildSettings = {
				ASSETCATALOG_COMPILER_APPICON_NAME = AppIcon;
				CODE_SIGN_STYLE = Automatic;
				DEVELOPMENT_TEAM = 3TG9F8VMYJ;
				INFOPLIST_FILE = CryptoCurrency_v2.0/Info.plist;
				LD_RUNPATH_SEARCH_PATHS = (
					"$(inherited)",
					"@executable_path/Frameworks",
				);
				PRODUCT_BUNDLE_IDENTIFIER = "artyombatura.CryptoCurrency-v2-0";
				PRODUCT_NAME = "$(TARGET_NAME)";
				SWIFT_VERSION = 5.0;
				TARGETED_DEVICE_FAMILY = "1,2";
			};
			name = Release;
		};
/* End XCBuildConfiguration section */

/* Begin XCConfigurationList section */
		0FE3E29B24673C89006DBECD /* Build configuration list for PBXProject "CryptoCurrency_v2.0" */ = {
			isa = XCConfigurationList;
			buildConfigurations = (
				0FE3E2B224673C8F006DBECD /* Debug */,
				0FE3E2B324673C8F006DBECD /* Release */,
			);
			defaultConfigurationIsVisible = 0;
			defaultConfigurationName = Release;
		};
		0FE3E2B424673C8F006DBECD /* Build configuration list for PBXNativeTarget "CryptoCurrency_v2.0" */ = {
			isa = XCConfigurationList;
			buildConfigurations = (
				0FE3E2B524673C8F006DBECD /* Debug */,
				0FE3E2B624673C8F006DBECD /* Release */,
			);
			defaultConfigurationIsVisible = 0;
			defaultConfigurationName = Release;
		};
/* End XCConfigurationList section */
	};
	rootObject = 0FE3E29824673C89006DBECD /* Project object */;
}
